{
  "name": "UvaAct_sp3.2",
  "lockfileVersion": 3,
  "requires": true,
  "packages": {
    "": {
      "dependencies": {
        "layui-laydate": "^5.3.1"
      }
    },
    "node_modules/layui-laydate": {
      "version": "5.3.1",
      "resolved": "https://registry.npmjs.org/layui-laydate/-/layui-laydate-5.3.1.tgz",
      "integrity": "sha512-Sl12u7dPt+YOfn6hfPpBP75pNpzRrEvj2TvYc8gHCDSgKFvoZwtTTWAq/Ea6wXdXsVI1uBFQkGhq7C8i6G5jHw=="
    }
  }
}
